Microsoft Visual Studio Solution File, Format Version 12.00
# Visual Studio 15
VisualStudioVersion = 15.0.27004.2008
MinimumVisualStudioVersion = 10.0.40219.1
Project("{9A19103F-16F7-4668-BE54-9A1E7A4F7556}") = "TodoList.Web", "TodoList.Web\TodoList.Web.csproj", "{231C909F-6339-40A5-8AAE-FA89F4292FBA}"
EndProject
Project("{9A19103F-16F7-4668-BE54-9A1E7A4F7556}") = "TodoList.Services", "TodoList.Services\TodoList.Services.csproj", "{30645D88-E30C-4A78-91C6-B7F2B39A803E}"
EndProject
Project("{2150E333-8FDC-42A3-9474-1A3956D46DE8}") = "Tests", "Tests", "{4E0A44FE-CC97-448E-AFC4-9D60A733AA9E}"
EndProject
Project("{9A19103F-16F7-4668-BE54-9A1E7A4F7556}") = "TodoServices.Tests", "Tests\TodoServices.Tests\TodoServices.Tests.csproj", "{98B1E9DD-BCAB-4F81-9AAB-329EC72B1523}"
EndProject
Project("{9A19103F-16F7-4668-BE54-9A1E7A4F7556}") = "TodoList.Common", "TodoList.Common\TodoList.Common.csproj", "{727F4197-5B75-4C49-B3F5-87955E4FD684}"
EndProject
Project("{9A19103F-16F7-4668-BE54-9A1E7A4F7556}") = "TodoCommon.Tests", "Tests\TodoCommon.Tests\TodoCommon.Tests.csproj", "{700BACF6-2502-41A7-AB03-104B4317ED83}"
EndProject
Global
	GlobalSection(SolutionConfigurationPlatforms) = preSolution
		Debug|Any CPU = Debug|Any CPU
		Debug|x64 = Debug|x64
		Debug|x86 = Debug|x86
		Release|Any CPU = Release|Any CPU
		Release|x64 = Release|x64
		Release|x86 = Release|x86
	EndGlobalSection
	GlobalSection(ProjectConfigurationPlatforms) = postSolution
		{231C909F-6339-40A5-8AAE-FA89F4292FBA}.Debug|Any CPU.ActiveCfg = Debug|Any CPU
		{231C909F-6339-40A5-8AAE-FA89F4292FBA}.Debug|Any CPU.Build.0 = Debug|Any CPU
		{231C909F-6339-40A5-8AAE-FA89F4292FBA}.Debug|x64.ActiveCfg = Debug|Any CPU
		{231C909F-6339-40A5-8AAE-FA89F4292FBA}.Debug|x64.Build.0 = Debug|Any CPU
		{231C909F-6339-40A5-8AAE-FA89F4292FBA}.Debug|x86.ActiveCfg = Debug|Any CPU
		{231C909F-6339-40A5-8AAE-FA89F4292FBA}.Debug|x86.Build.0 = Debug|Any CPU
		{231C909F-6339-40A5-8AAE-FA89F4292FBA}.Release|Any CPU.ActiveCfg = Release|Any CPU
		{231C909F-6339-40A5-8AAE-FA89F4292FBA}.Release|Any CPU.Build.0 = Release|Any CPU
		{231C909F-6339-40A5-8AAE-FA89F4292FBA}.Release|x64.ActiveCfg = Release|Any CPU
		{231C909F-6339-40A5-8AAE-FA89F4292FBA}.Release|x64.Build.0 = Release|Any CPU
		{231C909F-6339-40A5-8AAE-FA89F4292FBA}.Release|x86.ActiveCfg = Release|Any CPU
		{231C909F-6339-40A5-8AAE-FA89F4292FBA}.Release|x86.Build.0 = Release|Any CPU
		{30645D88-E30C-4A78-91C6-B7F2B39A803E}.Debug|Any CPU.ActiveCfg = Debug|Any CPU
		{30645D88-E30C-4A78-91C6-B7F2B39A803E}.Debug|Any CPU.Build.0 = Debug|Any CPU
		{30645D88-E30C-4A78-91C6-B7F2B39A803E}.Debug|x64.ActiveCfg = Debug|Any CPU
		{30645D88-E30C-4A78-91C6-B7F2B39A803E}.Debug|x64.Build.0 = Debug|Any CPU
		{30645D88-E30C-4A78-91C6-B7F2B39A803E}.Debug|x86.ActiveCfg = Debug|Any CPU
		{30645D88-E30C-4A78-91C6-B7F2B39A803E}.Debug|x86.Build.0 = Debug|Any CPU
		{30645D88-E30C-4A78-91C6-B7F2B39A803E}.Release|Any CPU.ActiveCfg = Release|Any CPU
		{30645D88-E30C-4A78-91C6-B7F2B39A803E}.Release|Any CPU.Build.0 = Release|Any CPU
		{30645D88-E30C-4A78-91C6-B7F2B39A803E}.Release|x64.ActiveCfg = Release|Any CPU
		{30645D88-E30C-4A78-91C6-B7F2B39A803E}.Release|x64.Build.0 = Release|Any CPU
		{30645D88-E30C-4A78-91C6-B7F2B39A803E}.Release|x86.ActiveCfg = Release|Any CPU
		{30645D88-E30C-4A78-91C6-B7F2B39A803E}.Release|x86.Build.0 = Release|Any CPU
		{98B1E9DD-BCAB-4F81-9AAB-329EC72B1523}.Debug|Any CPU.ActiveCfg = Debug|Any CPU
		{98B1E9DD-BCAB-4F81-9AAB-329EC72B1523}.Debug|Any CPU.Build.0 = Debug|Any CPU
		{98B1E9DD-BCAB-4F81-9AAB-329EC72B1523}.Debug|x64.ActiveCfg = Debug|Any CPU
		{98B1E9DD-BCAB-4F81-9AAB-329EC72B1523}.Debug|x64.Build.0 = Debug|Any CPU
		{98B1E9DD-BCAB-4F81-9AAB-329EC72B1523}.Debug|x86.ActiveCfg = Debug|Any CPU
		{98B1E9DD-BCAB-4F81-9AAB-329EC72B1523}.Debug|x86.Build.0 = Debug|Any CPU
		{98B1E9DD-BCAB-4F81-9AAB-329EC72B1523}.Release|Any CPU.ActiveCfg = Release|Any CPU
		{98B1E9DD-BCAB-4F81-9AAB-329EC72B1523}.Release|Any CPU.Build.0 = Release|Any CPU
		{98B1E9DD-BCAB-4F81-9AAB-329EC72B1523}.Release|x64.ActiveCfg = Release|Any CPU
		{98B1E9DD-BCAB-4F81-9AAB-329EC72B1523}.Release|x64.Build.0 = Release|Any CPU
		{98B1E9DD-BCAB-4F81-9AAB-329EC72B1523}.Release|x86.ActiveCfg = Release|Any CPU
		{98B1E9DD-BCAB-4F81-9AAB-329EC72B1523}.Release|x86.Build.0 = Release|Any CPU
		{727F4197-5B75-4C49-B3F5-87955E4FD684}.Debug|Any CPU.ActiveCfg = Debug|Any CPU
		{727F4197-5B75-4C49-B3F5-87955E4FD684}.Debug|Any CPU.Build.0 = Debug|Any CPU
		{727F4197-5B75-4C49-B3F5-87955E4FD684}.Debug|x64.ActiveCfg = Debug|Any CPU
		{727F4197-5B75-4C49-B3F5-87955E4FD684}.Debug|x64.Build.0 = Debug|Any CPU
		{727F4197-5B75-4C49-B3F5-87955E4FD684}.Debug|x86.ActiveCfg = Debug|Any CPU
		{727F4197-5B75-4C49-B3F5-87955E4FD684}.Debug|x86.Build.0 = Debug|Any CPU
		{727F4197-5B75-4C49-B3F5-87955E4FD684}.Release|Any CPU.ActiveCfg = Release|Any CPU
		{727F4197-5B75-4C49-B3F5-87955E4FD684}.Release|Any CPU.Build.0 = Release|Any CPU
		{727F4197-5B75-4C49-B3F5-87955E4FD684}.Release|x64.ActiveCfg = Release|Any CPU
		{727F4197-5B75-4C49-B3F5-87955E4FD684}.Release|x64.Build.0 = Release|Any CPU
		{727F4197-5B75-4C49-B3F5-87955E4FD684}.Release|x86.ActiveCfg = Release|Any CPU
		{727F4197-5B75-4C49-B3F5-87955E4FD684}.Release|x86.Build.0 = Release|Any CPU
		{700BACF6-2502-41A7-AB03-104B4317ED83}.Debug|Any CPU.ActiveCfg = Debug|Any CPU
		{700BACF6-2502-41A7-AB03-104B4317ED83}.Debug|Any CPU.Build.0 = Debug|Any CPU
		{700BACF6-2502-41A7-AB03-104B4317ED83}.Debug|x64.ActiveCfg = Debug|Any CPU
		{700BACF6-2502-41A7-AB03-104B4317ED83}.Debug|x64.Build.0 = Debug|Any CPU
		{700BACF6-2502-41A7-AB03-104B4317ED83}.Debug|x86.ActiveCfg = Debug|Any CPU
		{700BACF6-2502-41A7-AB03-104B4317ED83}.Debug|x86.Build.0 = Debug|Any CPU
		{700BACF6-2502-41A7-AB03-104B4317ED83}.Release|Any CPU.ActiveCfg = Release|Any CPU
		{700BACF6-2502-41A7-AB03-104B4317ED83}.Release|Any CPU.Build.0 = Release|Any CPU
		{700BACF6-2502-41A7-AB03-104B4317ED83}.Release|x64.ActiveCfg = Release|Any CPU
		{700BACF6-2502-41A7-AB03-104B4317ED83}.Release|x64.Build.0 = Release|Any CPU
		{700BACF6-2502-41A7-AB03-104B4317ED83}.Release|x86.ActiveCfg = Release|Any CPU
		{700BACF6-2502-41A7-AB03-104B4317ED83}.Release|x86.Build.0 = Release|Any CPU
	EndGlobalSection
	GlobalSection(SolutionProperties) = preSolution
		HideSolutionNode = FALSE
	EndGlobalSection
	GlobalSection(NestedProjects) = preSolution
		{98B1E9DD-BCAB-4F81-9AAB-329EC72B1523} = {4E0A44FE-CC97-448E-AFC4-9D60A733AA9E}
		{700BACF6-2502-41A7-AB03-104B4317ED83} = {4E0A44FE-CC97-448E-AFC4-9D60A733AA9E}
	EndGlobalSection
	GlobalSection(ExtensibilityGlobals) = postSolution
		SolutionGuid = {4DF20650-A931-4AAA-A922-0DB5A29C2ED8}
	EndGlobalSection
EndGlobal
